schema_version: "1.0"
stack_id: careerhub
instance_id: weronika-perez-borjas
engine_repository: Motherpher/CareerHubZero
engine_version: 0.2.4-alpha
alignment: blocked
blockers:
  - CareerHub/src/careerhub
  - CareerHub/scripts/careerhub.py
  - CareerHub/hrdm/HRDM_R_v6.3.md
generated_by: Motherpher/CareerHubZero
note: Motherpher ownership and verified-evidence instance contract are correct. The legacy local motor remains active only until CareerHubZero runtime parity and cutover are complete.
